
Microsoft Visual Studio Solution File, Format Version 12.00
# Visual Studio Version 17
VisualStudioVersion = 17.4.33403.182
MinimumVisualStudioVersion = 10.0.40219.1
Project("{9A19103F-16F7-4668-BE54-9A1E7A4F7556}") = "LUATranslateTool", "TranslateTool\LUATranslateTool.csproj", "{AED9BD78-E240-4D42-8AD4-21F4CB27D322}"
EndProject
Global
	GlobalSection(SolutionConfigurationPlatforms) = preSolution
		Debug|Any CPU = Debug|Any CPU
		Release|Any CPU = Release|Any CPU
	EndGlobalSection
	GlobalSection(ProjectConfigurationPlatforms) = postSolution
		{AED9BD78-E240-4D42-8AD4-21F4CB27D322}.Debug|Any CPU.ActiveCfg = Debug|Any CPU
		{AED9BD78-E240-4D42-8AD4-21F4CB27D322}.Debug|Any CPU.Build.0 = Debug|Any CPU
		{AED9BD78-E240-4D42-8AD4-21F4CB27D322}.Release|Any CPU.ActiveCfg = Release|Any CPU
		{AED9BD78-E240-4D42-8AD4-21F4CB27D322}.Release|Any CPU.Build.0 = Release|Any CPU
	EndGlobalSection
	GlobalSection(SolutionProperties) = preSolution
		HideSolutionNode = FALSE
	EndGlobalSection
	GlobalSection(ExtensibilityGlobals) = postSolution
		SolutionGuid = {49520EA0-17AB-43FC-8247-3A3971F8F0BB}
	EndGlobalSection
EndGlobal
